
Microsoft Visual Studio Solution File, Format Version 12.00
# Visual Studio Version 16
VisualStudioVersion = 16.0.34031.81
MinimumVisualStudioVersion = 10.0.40219.1
Project("{FAE04EC0-301F-11D3-BF4B-00C04F79EFBC}") = "Resorts_UNED.Presentacion", "Resorts_UNED.Presentacion\Resorts_UNED.Presentacion.csproj", "{D84189CE-84F0-4CA3-87ED-BF1A6BD21782}"
EndProject
Project("{FAE04EC0-301F-11D3-BF4B-00C04F79EFBC}") = "Resorts_UNED.Datos", "Resorts_UNED.Datos\Resorts_UNED.Datos.csproj", "{771AE3D3-ECB8-4B32-9E85-E00EE9F49EC8}"
EndProject
Project("{FAE04EC0-301F-11D3-BF4B-00C04F79EFBC}") = "Resorts_UNED.Entidades", "Resorts_UNED.Entidades\Resorts_UNED.Entidades.csproj", "{A5602C8B-82AA-47D0-83D3-CAFAFCFBDAEE}"
EndProject
Project("{FAE04EC0-301F-11D3-BF4B-00C04F79EFBC}") = "Resorts_UNED.Negocio", "Resorts_UNED.Negocio\Resorts_UNED.Negocio.csproj", "{1F212068-7165-4F6F-8020-F608BC4A07BF}"
EndProject
Project("{FAE04EC0-301F-11D3-BF4B-00C04F79EFBC}") = "Resorts_UNED.Presentacion_Cliente", "Resorts_UNED.Presentacion_Cliente\Resorts_UNED.Presentacion_Cliente.csproj", "{B1ACC6F4-1700-47D4-A79D-B57BD8551BA0}"
EndProject
Global
	GlobalSection(SolutionConfigurationPlatforms) = preSolution
		Debug|Any CPU = Debug|Any CPU
		Release|Any CPU = Release|Any CPU
	EndGlobalSection
	GlobalSection(ProjectConfigurationPlatforms) = postSolution
		{D84189CE-84F0-4CA3-87ED-BF1A6BD21782}.Debug|Any CPU.ActiveCfg = Debug|Any CPU
		{D84189CE-84F0-4CA3-87ED-BF1A6BD21782}.Debug|Any CPU.Build.0 = Debug|Any CPU
		{D84189CE-84F0-4CA3-87ED-BF1A6BD21782}.Release|Any CPU.ActiveCfg = Release|Any CPU
		{D84189CE-84F0-4CA3-87ED-BF1A6BD21782}.Release|Any CPU.Build.0 = Release|Any CPU
		{771AE3D3-ECB8-4B32-9E85-E00EE9F49EC8}.Debug|Any CPU.ActiveCfg = Debug|Any CPU
		{771AE3D3-ECB8-4B32-9E85-E00EE9F49EC8}.Debug|Any CPU.Build.0 = Debug|Any CPU
		{771AE3D3-ECB8-4B32-9E85-E00EE9F49EC8}.Release|Any CPU.ActiveCfg = Release|Any CPU
		{771AE3D3-ECB8-4B32-9E85-E00EE9F49EC8}.Release|Any CPU.Build.0 = Release|Any CPU
		{A5602C8B-82AA-47D0-83D3-CAFAFCFBDAEE}.Debug|Any CPU.ActiveCfg = Debug|Any CPU
		{A5602C8B-82AA-47D0-83D3-CAFAFCFBDAEE}.Debug|Any CPU.Build.0 = Debug|Any CPU
		{A5602C8B-82AA-47D0-83D3-CAFAFCFBDAEE}.Release|Any CPU.ActiveCfg = Release|Any CPU
		{A5602C8B-82AA-47D0-83D3-CAFAFCFBDAEE}.Release|Any CPU.Build.0 = Release|Any CPU
		{1F212068-7165-4F6F-8020-F608BC4A07BF}.Debug|Any CPU.ActiveCfg = Debug|Any CPU
		{1F212068-7165-4F6F-8020-F608BC4A07BF}.Debug|Any CPU.Build.0 = Debug|Any CPU
		{1F212068-7165-4F6F-8020-F608BC4A07BF}.Release|Any CPU.ActiveCfg = Release|Any CPU
		{1F212068-7165-4F6F-8020-F608BC4A07BF}.Release|Any CPU.Build.0 = Release|Any CPU
		{B1ACC6F4-1700-47D4-A79D-B57BD8551BA0}.Debug|Any CPU.ActiveCfg = Debug|Any CPU
		{B1ACC6F4-1700-47D4-A79D-B57BD8551BA0}.Debug|Any CPU.Build.0 = Debug|Any CPU
		{B1ACC6F4-1700-47D4-A79D-B57BD8551BA0}.Release|Any CPU.ActiveCfg = Release|Any CPU
		{B1ACC6F4-1700-47D4-A79D-B57BD8551BA0}.Release|Any CPU.Build.0 = Release|Any CPU
	EndGlobalSection
	GlobalSection(SolutionProperties) = preSolution
		HideSolutionNode = FALSE
	EndGlobalSection
	GlobalSection(ExtensibilityGlobals) = postSolution
		SolutionGuid = {E89EFAEB-AB2B-432B-ADB8-D27D55243F9A}
	EndGlobalSection
EndGlobal
